
Microsoft Visual Studio Solution File, Format Version 12.00
# Visual Studio Version 16
VisualStudioVersion = 16.0.31005.135
MinimumVisualStudioVersion = 10.0.40219.1
Project("{FAE04EC0-301F-11D3-BF4B-00C04F79EFBC}") = "ServerConfigForm-P5-119", "ServerConfigForm-P5-119\ServerConfigForm-P5-119.csproj", "{458B06BD-2DBF-48CF-A160-06ABCFC0B39F}"
EndProject
Global
	GlobalSection(SolutionConfigurationPlatforms) = preSolution
		Debug|Any CPU = Debug|Any CPU
		Release|Any CPU = Release|Any CPU
	EndGlobalSection
	GlobalSection(ProjectConfigurationPlatforms) = postSolution
		{458B06BD-2DBF-48CF-A160-06ABCFC0B39F}.Debug|Any CPU.ActiveCfg = Debug|Any CPU
		{458B06BD-2DBF-48CF-A160-06ABCFC0B39F}.Debug|Any CPU.Build.0 = Debug|Any CPU
		{458B06BD-2DBF-48CF-A160-06ABCFC0B39F}.Release|Any CPU.ActiveCfg = Release|Any CPU
		{458B06BD-2DBF-48CF-A160-06ABCFC0B39F}.Release|Any CPU.Build.0 = Release|Any CPU
	EndGlobalSection
	GlobalSection(SolutionProperties) = preSolution
		HideSolutionNode = FALSE
	EndGlobalSection
	GlobalSection(ExtensibilityGlobals) = postSolution
		SolutionGuid = {7D77BACE-2FE7-4CD6-8128-394269D427D4}
	EndGlobalSection
EndGlobal
